
Microsoft Visual Studio Solution File, Format Version 12.00
# Visual Studio Version 16
VisualStudioVersion = 16.0.33214.272
MinimumVisualStudioVersion = 10.0.40219.1
Project("{FAE04EC0-301F-11D3-BF4B-00C04F79EFBC}") = "ObiGarm", "ObiGarm\ObiGarm.csproj", "{F864DE06-2605-40DB-9CB9-89240C02035A}"
EndProject
Global
	GlobalSection(SolutionConfigurationPlatforms) = preSolution
		Debug|Any CPU = Debug|Any CPU
		Release|Any CPU = Release|Any CPU
	EndGlobalSection
	GlobalSection(ProjectConfigurationPlatforms) = postSolution
		{F864DE06-2605-40DB-9CB9-89240C02035A}.Debug|Any CPU.ActiveCfg = Debug|Any CPU
		{F864DE06-2605-40DB-9CB9-89240C02035A}.Release|Any CPU.ActiveCfg = Release|Any CPU
		{F864DE06-2605-40DB-9CB9-89240C02035A}.Release|Any CPU.Build.0 = Release|Any CPU
	EndGlobalSection
	GlobalSection(SolutionProperties) = preSolution
		HideSolutionNode = FALSE
	EndGlobalSection
	GlobalSection(ExtensibilityGlobals) = postSolution
		SolutionGuid = {8B0F8CD5-15AA-4D48-82FE-45FAC378E026}
	EndGlobalSection
EndGlobal
